
Microsoft Visual Studio Solution File, Format Version 12.00
# Visual Studio Version 16
VisualStudioVersion = 16.0.30204.135
MinimumVisualStudioVersion = 10.0.40219.1
Project("{9A19103F-16F7-4668-BE54-9A1E7A4F7556}") = "RecipieBot", "learn\RecipieBot.csproj", "{C0BEE756-1576-4A60-AFB5-66902AA88BE9}"
EndProject
Global
	GlobalSection(SolutionConfigurationPlatforms) = preSolution
		Debug|Any CPU = Debug|Any CPU
		Release|Any CPU = Release|Any CPU
	EndGlobalSection
	GlobalSection(ProjectConfigurationPlatforms) = postSolution
		{C0BEE756-1576-4A60-AFB5-66902AA88BE9}.Debug|Any CPU.ActiveCfg = Debug|Any CPU
		{C0BEE756-1576-4A60-AFB5-66902AA88BE9}.Debug|Any CPU.Build.0 = Debug|Any CPU
		{C0BEE756-1576-4A60-AFB5-66902AA88BE9}.Release|Any CPU.ActiveCfg = Release|Any CPU
		{C0BEE756-1576-4A60-AFB5-66902AA88BE9}.Release|Any CPU.Build.0 = Release|Any CPU
	EndGlobalSection
	GlobalSection(SolutionProperties) = preSolution
		HideSolutionNode = FALSE
	EndGlobalSection
	GlobalSection(ExtensibilityGlobals) = postSolution
		SolutionGuid = {BE95F8D9-156E-48E0-8D65-D1A362EEEA12}
	EndGlobalSection
EndGlobal
